// !$*UTF8*$!
{
	archiveVersion = 1;
	classes = {
	};
	objectVersion = 46;
	objects = {

/* Begin PBXBuildFile section */
		20CAA8EC1E5CC3F900694BA1 /* AppDelegate.swift in Sources */ = {isa = PBXBuildFile; fileRef = 20CAA8EB1E5CC3F900694BA1 /* AppDelegate.swift */; };
		20CAA8EE1E5CC3F900694BA1 /* MainVC.swift in Sources */ = {isa = PBXBuildFile; fileRef = 20CAA8ED1E5CC3F900694BA1 /* MainVC.swift */; };
		20CAA8F11E5CC3F900694BA1 /* Main.storyboard in Resources */ = {isa = PBXBuildFile; fileRef = 20CAA8EF1E5CC3F900694BA1 /* Main.storyboard */; };
		20CAA8F41E5CC3F900694BA1 /* partyRockApp.xcdatamodeld in Sources */ = {isa = PBXBuildFile; fileRef = 20CAA8F21E5CC3F900694BA1 /* partyRockApp.xcdatamodeld */; };
		20CAA8F61E5CC3F900694BA1 /* Assets.xcassets in Resources */ = {isa = PBXBuildFile; fileRef = 20CAA8F51E5CC3F900694BA1 /* Assets.xcassets */; };
		20CAA8F91E5CC3F900694BA1 /* LaunchScreen.storyboard in Resources */ = {isa = PBXBuildFile; fileRef = 20CAA8F71E5CC3F900694BA1 /* LaunchScreen.storyboard */; };
		20CAA9041E5CC8C000694BA1 /* still time.ttf in Resources */ = {isa = PBXBuildFile; fileRef = 20CAA9031E5CC8C000694BA1 /* still time.ttf */; };
		20CAA9071E5CC9B200694BA1 /* VideoVC.swift in Sources */ = {isa = PBXBuildFile; fileRef = 20CAA9061E5CC9B200694BA1 /* VideoVC.swift */; };
		20CAA9091E5CCAA400694BA1 /* PartyCell.swift in Sources */ = {isa = PBXBuildFile; fileRef = 20CAA9081E5CCAA400694BA1 /* PartyCell.swift */; };
		20CAA90B1E5CCB9D00694BA1 /* partyRock.swift in Sources */ = {isa = PBXBuildFile; fileRef = 20CAA90A1E5CCB9D00694BA1 /* partyRock.swift */; };
/* End PBXBuildFile section */

/* Begin PBXFileReference section */
		20CAA8E81E5CC3F900694BA1 /* partyRockApp.app */ = {isa = PBXFileReference; explicitFileType = wrapper.application; includeInIndex = 0; path = partyRockApp.app; sourceTree = BUILT_PRODUCTS_DIR; };
		20CAA8EB1E5CC3F900694BA1 /* AppDelegate.swift */ = {isa = PBXFileReference; lastKnownFileType = sourcecode.swift; path = AppDelegate.swift; sourceTree = "<group>"; };
		20CAA8ED1E5CC3F900694BA1 /* MainVC.swift */ = {isa = PBXFileReference; lastKnownFileType = sourcecode.swift; path = MainVC.swift; sourceTree = "<group>"; };
		20CAA8F01E5CC3F900694BA1 /* Base */ = {isa = PBXFileReference; lastKnownFileType = file.storyboard; name = Base; path = Base.lproj/Main.storyboard; sourceTree = "<group>"; };
		20CAA8F31E5CC3F900694BA1 /* partyRockApp.xcdatamodel */ = {isa = PBXFileReference; lastKnownFileType = wrapper.xcdatamodel; path = partyRockApp.xcdatamodel; sourceTree = "<group>"; };
		20CAA8F51E5CC3F900694BA1 /* Assets.xcassets */ = {isa = PBXFileReference; lastKnownFileType = folder.assetcatalog; path = Assets.xcassets; sourceTree = "<group>"; };
		20CAA8F81E5CC3F900694BA1 /* Base */ = {isa = PBXFileReference; lastKnownFileType = file.storyboard; name = Base; path = Base.lproj/LaunchScreen.storyboard; sourceTree = "<group>"; };
		20CAA8FA1E5CC3F900694BA1 /* Info.plist */ = {isa = PBXFileReference; lastKnownFileType = text.plist.xml; path = Info.plist; sourceTree = "<group>"; };
		20CAA9031E5CC8C000694BA1 /* still time.ttf */ = {isa = PBXFileReference; lastKnownFileType = file; path = "still time.ttf"; sourceTree = "<group>"; };
		20CAA9061E5CC9B200694BA1 /* VideoVC.swift */ = {isa = PBXFileReference; fileEncoding = 4; lastKnownFileType = sourcecode.swift; path = VideoVC.swift; sourceTree = "<group>"; };
		20CAA9081E5CCAA400694BA1 /* PartyCell.swift */ = {isa = PBXFileReference; fileEncoding = 4; lastKnownFileType = sourcecode.swift; path = PartyCell.swift; sourceTree = "<group>"; };
		20CAA90A1E5CCB9D00694BA1 /* partyRock.swift */ = {isa = PBXFileReference; fileEncoding = 4; lastKnownFileType = sourcecode.swift; path = partyRock.swift; sourceTree = "<group>"; };
/* End PBXFileReference section */

/* Begin PBXFrameworksBuildPhase section */
		20CAA8E51E5CC3F900694BA1 /* Frameworks */ = {
			isa = PBXFrameworksBuildPhase;
			buildActionMask = 2147483647;
			files = (
			);
			runOnlyForDeploymentPostprocessing = 0;
		};
/* End PBXFrameworksBuildPhase section */

/* Begin PBXGroup section */
		20CAA8DF1E5CC3F900694BA1 = {
			isa = PBXGroup;
			children = (
				20CAA8EA1E5CC3F900694BA1 /* partyRockApp */,
				20CAA8E91E5CC3F900694BA1 /* Products */,
			);
			sourceTree = "<group>";
		};
		20CAA8E91E5CC3F900694BA1 /* Products */ = {
			isa = PBXGroup;
			children = (
				20CAA8E81E5CC3F900694BA1 /* partyRockApp.app */,
			);
			name = Products;
			sourceTree = "<group>";
		};
		20CAA8EA1E5CC3F900694BA1 /* partyRockApp */ = {
			isa = PBXGroup;
			children = (
				20CAA9051E5CC8C400694BA1 /* Files */,
				20CAA9021E5CC46900694BA1 /* View */,
				20CAA9011E5CC46300694BA1 /* Model */,
				20CAA9001E5CC45400694BA1 /* Controller */,
				20CAA8EB1E5CC3F900694BA1 /* AppDelegate.swift */,
				20CAA8EF1E5CC3F900694BA1 /* Main.storyboard */,
				20CAA8F51E5CC3F900694BA1 /* Assets.xcassets */,
				20CAA8F71E5CC3F900694BA1 /* LaunchScreen.storyboard */,
				20CAA8FA1E5CC3F900694BA1 /* Info.plist */,
				20CAA8F21E5CC3F900694BA1 /* partyRockApp.xcdatamodeld */,
			);
			path = partyRockApp;
			sourceTree = "<group>";
		};
		20CAA9001E5CC45400694BA1 /* Controller */ = {
			isa = PBXGroup;
			children = (
				20CAA8ED1E5CC3F900694BA1 /* MainVC.swift */,
				20CAA9061E5CC9B200694BA1 /* VideoVC.swift */,
			);
			name = Controller;
			sourceTree = "<group>";
		};
		20CAA9011E5CC46300694BA1 /* Model */ = {
			isa = PBXGroup;
			children = (
				20CAA90A1E5CCB9D00694BA1 /* partyRock.swift */,
			);
			name = Model;
			sourceTree = "<group>";
		};
		20CAA9021E5CC46900694BA1 /* View */ = {
			isa = PBXGroup;
			children = (
				20CAA9081E5CCAA400694BA1 /* PartyCell.swift */,
			);
			name = View;
			sourceTree = "<group>";
		};
		20CAA9051E5CC8C400694BA1 /* Files */ = {
			isa = PBXGroup;
			children = (
				20CAA9031E5CC8C000694BA1 /* still time.ttf */,
			);
			name = Files;
			sourceTree = "<group>";
		};
/* End PBXGroup section */

/* Begin PBXNativeTarget section */
		20CAA8E71E5CC3F900694BA1 /* partyRockApp */ = {
			isa = PBXNativeTarget;
			buildConfigurationList = 20CAA8FD1E5CC3F900694BA1 /* Build configuration list for PBXNativeTarget "partyRockApp" */;
			buildPhases = (
				20CAA8E41E5CC3F900694BA1 /* Sources */,
				20CAA8E51E5CC3F900694BA1 /* Frameworks */,
				20CAA8E61E5CC3F900694BA1 /* Resources */,
			);
			buildRules = (
			);
			dependencies = (
			);
			name = partyRockApp;
			productName = partyRockApp;
			productReference = 20CAA8E81E5CC3F900694BA1 /* partyRockApp.app */;
			productType = "com.apple.product-type.application";
		};
/* End PBXNativeTarget section */

/* Begin PBXProject section */
		20CAA8E01E5CC3F900694BA1 /* Project object */ = {
			isa = PBXProject;
			attributes = {
				LastSwiftUpdateCheck = 0820;
				LastUpgradeCheck = 0820;
				ORGANIZATIONNAME = Evan;
				TargetAttributes = {
					20CAA8E71E5CC3F900694BA1 = {
						CreatedOnToolsVersion = 8.2;
						DevelopmentTeam = 94BQ9T6DER;
						ProvisioningStyle = Automatic;
					};
				};
			};
			buildConfigurationList = 20CAA8E31E5CC3F900694BA1 /* Build configuration list for PBXProject "partyRockApp" */;
			compatibilityVersion = "Xcode 3.2";
			developmentRegion = English;
			hasScannedForEncodings = 0;
			knownRegions = (
				en,
				Base,
			);
			mainGroup = 20CAA8DF1E5CC3F900694BA1;
			productRefGroup = 20CAA8E91E5CC3F900694BA1 /* Products */;
			projectDirPath = "";
			projectRoot = "";
			targets = (
				20CAA8E71E5CC3F900694BA1 /* partyRockApp */,
			);
		};
/* End PBXProject section */

/* Begin PBXResourcesBuildPhase section */
		20CAA8E61E5CC3F900694BA1 /* Resources */ = {
			isa = PBXResourcesBuildPhase;
			buildActionMask = 2147483647;
			files = (
				20CAA8F91E5CC3F900694BA1 /* LaunchScreen.storyboard in Resources */,
				20CAA9041E5CC8C000694BA1 /* still time.ttf in Resources */,
				20CAA8F61E5CC3F900694BA1 /* Assets.xcassets in Resources */,
				20CAA8F11E5CC3F900694BA1 /* Main.storyboard in Resources */,
			);
			runOnlyForDeploymentPostprocessing = 0;
		};
/* End PBXResourcesBuildPhase section */

/* Begin PBXSourcesBuildPhase section */
		20CAA8E41E5CC3F900694BA1 /* Sources */ = {
			isa = PBXSourcesBuildPhase;
			buildActionMask = 2147483647;
			files = (
				20CAA9071E5CC9B200694BA1 /* VideoVC.swift in Sources */,
				20CAA8EE1E5CC3F900694BA1 /* MainVC.swift in Sources */,
				20CAA8F41E5CC3F900694BA1 /* partyRockApp.xcdatamodeld in Sources */,
				20CAA8EC1E5CC3F900694BA1 /* AppDelegate.swift in Sources */,
				20CAA9091E5CCAA400694BA1 /* PartyCell.swift in Sources */,
				20CAA90B1E5CCB9D00694BA1 /* partyRock.swift in Sources */,
			);
			runOnlyForDeploymentPostprocessing = 0;
		};
/* End PBXSourcesBuildPhase section */

/* Begin PBXVariantGroup section */
		20CAA8EF1E5CC3F900694BA1 /* Main.storyboard */ = {
			isa = PBXVariantGroup;
			children = (
				20CAA8F01E5CC3F900694BA1 /* Base */,
			);
			name = Main.storyboard;
			sourceTree = "<group>";
		};
		20CAA8F71E5CC3F900694BA1 /* LaunchScreen.storyboard */ = {
			isa = PBXVariantGroup;
			children = (
				20CAA8F81E5CC3F900694BA1 /* Base */,
			);
			name = LaunchScreen.storyboard;
			sourceTree = "<group>";
		};
/* End PBXVariantGroup section */

/* Begin XCBuildConfiguration section */
		20CAA8FB1E5CC3F900694BA1 /* Debug */ = {
			isa = XCBuildConfiguration;
			buildSettings = {
				ALWAYS_SEARCH_USER_PATHS = NO;
				CLANG_ANALYZER_NONNULL = YES;
				CLANG_CXX_LANGUAGE_STANDARD = "gnu++0x";
				CLANG_CXX_LIBRARY = "libc++";
				CLANG_ENABLE_MODULES = YES;
				CLANG_ENABLE_OBJC_ARC = YES;
				CLANG_WARN_BOOL_CONVERSION = YES;
				CLANG_WARN_CONSTANT_CONVERSION = YES;
				CLANG_WARN_DIRECT_OBJC_ISA_USAGE = YES_ERROR;
				CLANG_WARN_DOCUMENTATION_COMMENTS = YES;
				CLANG_WARN_EMPTY_BODY = YES;
				CLANG_WARN_ENUM_CONVERSION = YES;
				CLANG_WARN_INFINITE_RECURSION = YES;
				CLANG_WARN_INT_CONVERSION = YES;
				CLANG_WARN_OBJC_ROOT_CLASS = YES_ERROR;
				CLANG_WARN_SUSPICIOUS_MOVE = YES;
				CLANG_WARN_UNREACHABLE_CODE = YES;
				CLANG_WARN__DUPLICATE_METHOD_MATCH = YES;
				"CODE_SIGN_IDENTITY[sdk=iphoneos*]" = "iPhone Developer";
				COPY_PHASE_STRIP = NO;
				DEBUG_INFORMATION_FORMAT = dwarf;
				ENABLE_STRICT_OBJC_MSGSEND = YES;
				ENABLE_TESTABILITY = YES;
				GCC_C_LANGUAGE_STANDARD = gnu99;
				GCC_DYNAMIC_NO_PIC = NO;
				GCC_NO_COMMON_BLOCKS = YES;
				GCC_OPTIMIZATION_LEVEL = 0;
				GCC_PREPROCESSOR_DEFINITIONS = (
					"DEBUG=1",
					"$(inherited)",
				);
				GCC_WARN_64_TO_32_BIT_CONVERSION = YES;
				GCC_WARN_ABOUT_RETURN_TYPE = YES_ERROR;
				GCC_WARN_UNDECLARED_SELECTOR = YES;
				GCC_WARN_UNINITIALIZED_AUTOS = YES_AGGRESSIVE;
				GCC_WARN_UNUSED_FUNCTION = YES;
				GCC_WARN_UNUSED_VARIABLE = YES;
				IPHONEOS_DEPLOYMENT_TARGET = 10.2;
				MTL_ENABLE_DEBUG_INFO = YES;
				ONLY_ACTIVE_ARCH = YES;
				SDKROOT = iphoneos;
				SWIFT_ACTIVE_COMPILATION_CONDITIONS = DEBUG;
				SWIFT_OPTIMIZATION_LEVEL = "-Onone";
				TARGETED_DEVICE_FAMILY = "1,2";
			};
			name = Debug;
		};
		20CAA8FC1E5CC3F900694BA1 /* Release */ = {
			isa = XCBuildConfiguration;
			buildSettings = {
				ALWAYS_SEARCH_USER_PATHS = NO;
				CLANG_ANALYZER_NONNULL = YES;
				CLANG_CXX_LANGUAGE_STANDARD = "gnu++0x";
				CLANG_CXX_LIBRARY = "libc++";
				CLANG_ENABLE_MODULES = YES;
				CLANG_ENABLE_OBJC_ARC = YES;
				CLANG_WARN_BOOL_CONVERSION = YES;
				CLANG_WARN_CONSTANT_CONVERSION = YES;
				CLANG_WARN_DIRECT_OBJC_ISA_USAGE = YES_ERROR;
				CLANG_WARN_DOCUMENTATION_COMMENTS = YES;
				CLANG_WARN_EMPTY_BODY = YES;
				CLANG_WARN_ENUM_CONVERSION = YES;
				CLANG_WARN_INFINITE_RECURSION = YES;
				CLANG_WARN_INT_CONVERSION = YES;
				CLANG_WARN_OBJC_ROOT_CLASS = YES_ERROR;
				CLANG_WARN_SUSPICIOUS_MOVE = YES;
				CLANG_WARN_UNREACHABLE_CODE = YES;
				CLANG_WARN__DUPLICATE_METHOD_MATCH = YES;
				"CODE_SIGN_IDENTITY[sdk=iphoneos*]" = "iPhone Developer";
				COPY_PHASE_STRIP = NO;
				DEBUG_INFORMATION_FORMAT = "dwarf-with-dsym";
				ENABLE_NS_ASSERTIONS = NO;
				ENABLE_STRICT_OBJC_MSGSEND = YES;
				GCC_C_LANGUAGE_STANDARD = gnu99;
				GCC_NO_COMMON_BLOCKS = YES;
				GCC_WARN_64_TO_32_BIT_CONVERSION = YES;
				GCC_WARN_ABOUT_RETURN_TYPE = YES_ERROR;
				GCC_WARN_UNDECLARED_SELECTOR = YES;
				GCC_WARN_UNINITIALIZED_AUTOS = YES_AGGRESSIVE;
				GCC_WARN_UNUSED_FUNCTION = YES;
				GCC_WARN_UNUSED_VARIABLE = YES;
				IPHONEOS_DEPLOYMENT_TARGET = 10.2;
				MTL_ENABLE_DEBUG_INFO = NO;
				SDKROOT = iphoneos;
				SWIFT_OPTIMIZATION_LEVEL = "-Owholemodule";
				TARGETED_DEVICE_FAMILY = "1,2";
				VALIDATE_PRODUCT = YES;
			};
			name = Release;
		};
		20CAA8FE1E5CC3F900694BA1 /* Debug */ = {
			isa = XCBuildConfiguration;
			buildSettings = {
				ASSETCATALOG_COMPILER_APPICON_NAME = AppIcon;
				DEVELOPMENT_TEAM = 94BQ9T6DER;
				INFOPLIST_FILE = partyRockApp/Info.plist;
				LD_RUNPATH_SEARCH_PATHS = "$(inherited) @executable_path/Frameworks";
				PRODUCT_BUNDLE_IDENTIFIER = com.evanlaird.partyRockApp;
				PRODUCT_NAME = "$(TARGET_NAME)";
				SWIFT_VERSION = 3.0;
			};
			name = Debug;
		};
		20CAA8FF1E5CC3F900694BA1 /* Release */ = {
			isa = XCBuildConfiguration;
			buildSettings = {
				ASSETCATALOG_COMPILER_APPICON_NAME = AppIcon;
				DEVELOPMENT_TEAM = 94BQ9T6DER;
				INFOPLIST_FILE = partyRockApp/Info.plist;
				LD_RUNPATH_SEARCH_PATHS = "$(inherited) @executable_path/Frameworks";
				PRODUCT_BUNDLE_IDENTIFIER = com.evanlaird.partyRockApp;
				PRODUCT_NAME = "$(TARGET_NAME)";
				SWIFT_VERSION = 3.0;
			};
			name = Release;
		};
/* End XCBuildConfiguration section */

/* Begin XCConfigurationList section */
		20CAA8E31E5CC3F900694BA1 /* Build configuration list for PBXProject "partyRockApp" */ = {
			isa = XCConfigurationList;
			buildConfigurations = (
				20CAA8FB1E5CC3F900694BA1 /* Debug */,
				20CAA8FC1E5CC3F900694BA1 /* Release */,
			);
			defaultConfigurationIsVisible = 0;
			defaultConfigurationName = Release;
		};
		20CAA8FD1E5CC3F900694BA1 /* Build configuration list for PBXNativeTarget "partyRockApp" */ = {
			isa = XCConfigurationList;
			buildConfigurations = (
				20CAA8FE1E5CC3F900694BA1 /* Debug */,
				20CAA8FF1E5CC3F900694BA1 /* Release */,
			);
			defaultConfigurationIsVisible = 0;
		};
/* End XCConfigurationList section */

/* Begin XCVersionGroup section */
		20CAA8F21E5CC3F900694BA1 /* partyRockApp.xcdatamodeld */ = {
			isa = XCVersionGroup;
			children = (
				20CAA8F31E5CC3F900694BA1 /* partyRockApp.xcdatamodel */,
			);
			currentVersion = 20CAA8F31E5CC3F900694BA1 /* partyRockApp.xcdatamodel */;
			path = partyRockApp.xcdatamodeld;
			sourceTree = "<group>";
			versionGroupType = wrapper.xcdatamodel;
		};
/* End XCVersionGroup section */
	};
	rootObject = 20CAA8E01E5CC3F900694BA1 /* Project object */;
}
